
Microsoft Visual Studio Solution File, Format Version 12.00
# Visual Studio Version 17
VisualStudioVersion = 17.5.002.0
MinimumVisualStudioVersion = 10.0.40219.1
Project("{9A19103F-16F7-4668-BE54-9A1E7A4F7556}") = "DesafioFundamentos", "DesafioFundamentos.csproj", "{5725CFC3-6814-4707-98FB-1258C78F920E}"
EndProject
Global
	GlobalSection(SolutionConfigurationPlatforms) = preSolution
		Debug|Any CPU = Debug|Any CPU
		Release|Any CPU = Release|Any CPU
	EndGlobalSection
	GlobalSection(ProjectConfigurationPlatforms) = postSolution
		{5725CFC3-6814-4707-98FB-1258C78F920E}.Debug|Any CPU.ActiveCfg = Debug|Any CPU
		{5725CFC3-6814-4707-98FB-1258C78F920E}.Debug|Any CPU.Build.0 = Debug|Any CPU
		{5725CFC3-6814-4707-98FB-1258C78F920E}.Release|Any CPU.ActiveCfg = Release|Any CPU
		{5725CFC3-6814-4707-98FB-1258C78F920E}.Release|Any CPU.Build.0 = Release|Any CPU
	EndGlobalSection
	GlobalSection(SolutionProperties) = preSolution
		HideSolutionNode = FALSE
	EndGlobalSection
	GlobalSection(ExtensibilityGlobals) = postSolution
		SolutionGuid = {3C978A23-879D-4E9F-BA9B-F9F7872BC0B6}
	EndGlobalSection
EndGlobal
